dependencies:
- name: tailscale-operator
  repository: https://pkgs.tailscale.com/helmcharts
  version: 1.92.5
- name: traefik
  repository: https://traefik.github.io/charts
  version: 38.0.2
digest: sha256:94ea44988f6d9cfabeb009b42cb7c664a3a5e74c7d15af21e9a458fd15e19d21
generated: "2026-01-16T22:17:35.1862952+05:30"
